
Microsoft Visual Studio Solution File, Format Version 12.00
# Visual Studio 15
VisualStudioVersion = 15.0.28307.329
MinimumVisualStudioVersion = 10.0.40219.1
Project("{FAE04EC0-301F-11D3-BF4B-00C04F79EFBC}") = "Vidly", "Vidly\Vidly.csproj", "{CA5CDE9D-811A-4B39-9C3E-8013E2BAB128}"
EndProject
Global
	GlobalSection(SolutionConfigurationPlatforms) = preSolution
		Debug|Any CPU = Debug|Any CPU
		Release|Any CPU = Release|Any CPU
	EndGlobalSection
	GlobalSection(ProjectConfigurationPlatforms) = postSolution
		{CA5CDE9D-811A-4B39-9C3E-8013E2BAB128}.Debug|Any CPU.ActiveCfg = Debug|Any CPU
		{CA5CDE9D-811A-4B39-9C3E-8013E2BAB128}.Debug|Any CPU.Build.0 = Debug|Any CPU
		{CA5CDE9D-811A-4B39-9C3E-8013E2BAB128}.Release|Any CPU.ActiveCfg = Release|Any CPU
		{CA5CDE9D-811A-4B39-9C3E-8013E2BAB128}.Release|Any CPU.Build.0 = Release|Any CPU
	EndGlobalSection
	GlobalSection(SolutionProperties) = preSolution
		HideSolutionNode = FALSE
	EndGlobalSection
	GlobalSection(ExtensibilityGlobals) = postSolution
		SolutionGuid = {A9E6D4ED-ED87-4C26-AE19-6151F7DCD497}
	EndGlobalSection
EndGlobal
